
Microsoft Visual Studio Solution File, Format Version 12.00
# Visual Studio Version 16
VisualStudioVersion = 16.0.29021.104
MinimumVisualStudioVersion = 10.0.40219.1
Project("{FAE04EC0-301F-11D3-BF4B-00C04F79EFBC}") = "Singleton", "Singleton\Singleton.csproj", "{849C8FD1-0093-4AF0-82DB-EF118173C6C8}"
EndProject
Project("{FAE04EC0-301F-11D3-BF4B-00C04F79EFBC}") = "Factory", "Factory\Factory.csproj", "{B11A171A-AF05-4D59-A852-D47B4E2B68BF}"
EndProject
Project("{FAE04EC0-301F-11D3-BF4B-00C04F79EFBC}") = "Facade", "Facade2\Facade.csproj", "{C68439C3-B362-4AA6-971A-445B4072FF6A}"
EndProject
Project("{FAE04EC0-301F-11D3-BF4B-00C04F79EFBC}") = "Adapter", "Adapter\Adapter.csproj", "{1D1EC0E7-A865-413F-819C-C4C84E678A3A}"
EndProject
Project("{FAE04EC0-301F-11D3-BF4B-00C04F79EFBC}") = "Composition", "Composition\Composition.csproj", "{8AADED3B-558F-44AF-9759-3947AB1461DE}"
EndProject
Project("{FAE04EC0-301F-11D3-BF4B-00C04F79EFBC}") = "Proxy", "Proxy\Proxy.csproj", "{68EF9730-C325-4731-9836-593597E947BB}"
EndProject
Project("{2150E333-8FDC-42A3-9474-1A3956D46DE8}") = "Behavior", "Behavior", "{6012E5BC-6DF0-474B-9C07-7FDD1E663EE8}"
EndProject
Project("{FAE04EC0-301F-11D3-BF4B-00C04F79EFBC}") = "TemplatePattern", "TemplatePattern\TemplatePattern.csproj", "{A5855F0A-B6CC-4B33-9A3E-BE5AF1530A83}"
EndProject
Project("{FAE04EC0-301F-11D3-BF4B-00C04F79EFBC}") = "ChainOfResponspility", "ChainOfResponspility\ChainOfResponspility.csproj", "{313AA822-53B1-4CBA-81ED-841DDF38E38A}"
EndProject
Project("{FAE04EC0-301F-11D3-BF4B-00C04F79EFBC}") = "StatePattern", "StatePattern\StatePattern.csproj", "{E414340D-90EB-4EDE-9DEA-B67236B2D2E0}"
EndProject
Project("{FAE04EC0-301F-11D3-BF4B-00C04F79EFBC}") = "Command", "Command\Command.csproj", "{9D8AEFCE-3FFA-48EB-8D35-9C709E610FDB}"
EndProject
Project("{FAE04EC0-301F-11D3-BF4B-00C04F79EFBC}") = "observer", "observer\observer.csproj", "{F5EDF772-6984-41CB-99CA-333E0B00D55B}"
EndProject
Project("{FAE04EC0-301F-11D3-BF4B-00C04F79EFBC}") = "Strategy", "Strategy\Strategy.csproj", "{1FB080E4-0556-4A32-9B9D-6FEF864D8516}"
EndProject
Project("{2150E333-8FDC-42A3-9474-1A3956D46DE8}") = "Strucal", "Strucal", "{AB1433B7-9A1B-492A-88B7-0B3FA57785B0}"
EndProject
Project("{2150E333-8FDC-42A3-9474-1A3956D46DE8}") = "Creational", "Creational", "{CFE87C39-DDC3-4642-8C4E-9DEEF165E56E}"
EndProject
Project("{FAE04EC0-301F-11D3-BF4B-00C04F79EFBC}") = "Bridge", "Bridge\Bridge.csproj", "{8F6E556A-511E-4EE8-B2CC-E0F71E032C7A}"
EndProject
Project("{FAE04EC0-301F-11D3-BF4B-00C04F79EFBC}") = "Builder", "Builder\Builder.csproj", "{917FE117-86DD-4123-B869-8226E36C8559}"
EndProject
Project("{FAE04EC0-301F-11D3-BF4B-00C04F79EFBC}") = "Decorator", "Decorator\Decorator.csproj", "{CE1F37A9-7C03-4B61-93BF-C620BE72AA06}"
EndProject
Project("{2150E333-8FDC-42A3-9474-1A3956D46DE8}") = "MediatorGroup", "MediatorGroup", "{3B437504-FEB3-455C-9FD0-3C375028C17B}"
	ProjectSection(SolutionItems) = preProject
		Mediator\Note.txt = Mediator\Note.txt
	EndProjectSection
EndProject
Project("{9A19103F-16F7-4668-BE54-9A1E7A4F7556}") = "NaiveMediator", "NaiveMediator\NaiveMediator.csproj", "{46314495-0FFD-4E31-A857-B660D124E81C}"
EndProject
Project("{9A19103F-16F7-4668-BE54-9A1E7A4F7556}") = "Mediator", "Mediator\Mediator.csproj", "{644B03D5-4843-45F2-8F79-95099F9BA139}"
EndProject
Project("{2150E333-8FDC-42A3-9474-1A3956D46DE8}") = "AbstractFactory", "AbstractFactory", "{53F4CA9F-BF86-445A-8040-8B7BDC907D9F}"
EndProject
Project("{9A19103F-16F7-4668-BE54-9A1E7A4F7556}") = "AbstractFactoryClient", "AbstractFactoryClient\AbstractFactoryClient.csproj", "{89E7B73F-144A-4AD4-932F-51A3E3E74974}"
EndProject
Project("{9A19103F-16F7-4668-BE54-9A1E7A4F7556}") = "AbstractFactoryUnitTest", "abstractFactoryUnitTest\AbstractFactoryUnitTest.csproj", "{A10B85E5-8693-405D-ABC4-C339DF08E857}"
EndProject
Project("{2150E333-8FDC-42A3-9474-1A3956D46DE8}") = "Command Pattern", "Command Pattern", "{0C6B018E-4E82-4391-A7E4-11CFF406991F}"
EndProject
Project("{2150E333-8FDC-42A3-9474-1A3956D46DE8}") = "not knowing source", "not knowing source", "{0A455238-272F-4B14-9E67-5EFF4647B39F}"
EndProject
Project("{2150E333-8FDC-42A3-9474-1A3956D46DE8}") = "Memento", "Memento", "{8563AA1A-C903-4A61-BBEA-9A0D63D8A771}"
EndProject
Project("{9A19103F-16F7-4668-BE54-9A1E7A4F7556}") = "Memento_DIP", "Memento_DIP\Memento_DIP.csproj", "{665BF9E1-8CDE-407D-89D9-C5E21ED2B85B}"
EndProject
Project("{2150E333-8FDC-42A3-9474-1A3956D46DE8}") = "GOF", "GOF", "{944BE872-9BD4-4D31-84ED-05B91531E1EE}"
EndProject
Project("{2150E333-8FDC-42A3-9474-1A3956D46DE8}") = "Unkonwn", "Unkonwn", "{FDB92DF1-B73C-4F9A-AE91-787A82BA2DEB}"
EndProject
Project("{2150E333-8FDC-42A3-9474-1A3956D46DE8}") = "Creational", "Creational", "{0A9F063E-4CAC-4C18-8BE2-32AE81EEEB95}"
EndProject
Project("{9A19103F-16F7-4668-BE54-9A1E7A4F7556}") = "GOF.Creational", "Core\GOF.Creational.csproj", "{806B9453-D9B2-4416-88B9-311A2D35FABA}"
EndProject
Project("{2150E333-8FDC-42A3-9474-1A3956D46DE8}") = "AbstractFactory", "AbstractFactory", "{BC573BF9-86D8-41D5-915C-A424450170B0}"
EndProject
Project("{FAE04EC0-301F-11D3-BF4B-00C04F79EFBC}") = "GOF.AbstractFactory", "GOF.AbstractFactory\GOF.AbstractFactory.csproj", "{B7FC584D-B2CE-4BAA-9F44-CAF453F90F7F}"
EndProject
Global
	GlobalSection(SolutionConfigurationPlatforms) = preSolution
		Debug|Any CPU = Debug|Any CPU
		Release|Any CPU = Release|Any CPU
	EndGlobalSection
	GlobalSection(ProjectConfigurationPlatforms) = postSolution
		{849C8FD1-0093-4AF0-82DB-EF118173C6C8}.Debug|Any CPU.ActiveCfg = Debug|Any CPU
		{849C8FD1-0093-4AF0-82DB-EF118173C6C8}.Debug|Any CPU.Build.0 = Debug|Any CPU
		{849C8FD1-0093-4AF0-82DB-EF118173C6C8}.Release|Any CPU.ActiveCfg = Release|Any CPU
		{849C8FD1-0093-4AF0-82DB-EF118173C6C8}.Release|Any CPU.Build.0 = Release|Any CPU
		{B11A171A-AF05-4D59-A852-D47B4E2B68BF}.Debug|Any CPU.ActiveCfg = Debug|Any CPU
		{B11A171A-AF05-4D59-A852-D47B4E2B68BF}.Debug|Any CPU.Build.0 = Debug|Any CPU
		{B11A171A-AF05-4D59-A852-D47B4E2B68BF}.Release|Any CPU.ActiveCfg = Release|Any CPU
		{B11A171A-AF05-4D59-A852-D47B4E2B68BF}.Release|Any CPU.Build.0 = Release|Any CPU
		{C68439C3-B362-4AA6-971A-445B4072FF6A}.Debug|Any CPU.ActiveCfg = Debug|Any CPU
		{C68439C3-B362-4AA6-971A-445B4072FF6A}.Debug|Any CPU.Build.0 = Debug|Any CPU
		{C68439C3-B362-4AA6-971A-445B4072FF6A}.Release|Any CPU.ActiveCfg = Release|Any CPU
		{C68439C3-B362-4AA6-971A-445B4072FF6A}.Release|Any CPU.Build.0 = Release|Any CPU
		{1D1EC0E7-A865-413F-819C-C4C84E678A3A}.Debug|Any CPU.ActiveCfg = Debug|Any CPU
		{1D1EC0E7-A865-413F-819C-C4C84E678A3A}.Debug|Any CPU.Build.0 = Debug|Any CPU
		{1D1EC0E7-A865-413F-819C-C4C84E678A3A}.Release|Any CPU.ActiveCfg = Release|Any CPU
		{1D1EC0E7-A865-413F-819C-C4C84E678A3A}.Release|Any CPU.Build.0 = Release|Any CPU
		{8AADED3B-558F-44AF-9759-3947AB1461DE}.Debug|Any CPU.ActiveCfg = Debug|Any CPU
		{8AADED3B-558F-44AF-9759-3947AB1461DE}.Debug|Any CPU.Build.0 = Debug|Any CPU
		{8AADED3B-558F-44AF-9759-3947AB1461DE}.Release|Any CPU.ActiveCfg = Release|Any CPU
		{8AADED3B-558F-44AF-9759-3947AB1461DE}.Release|Any CPU.Build.0 = Release|Any CPU
		{68EF9730-C325-4731-9836-593597E947BB}.Debug|Any CPU.ActiveCfg = Debug|Any CPU
		{68EF9730-C325-4731-9836-593597E947BB}.Debug|Any CPU.Build.0 = Debug|Any CPU
		{68EF9730-C325-4731-9836-593597E947BB}.Release|Any CPU.ActiveCfg = Release|Any CPU
		{68EF9730-C325-4731-9836-593597E947BB}.Release|Any CPU.Build.0 = Release|Any CPU
		{A5855F0A-B6CC-4B33-9A3E-BE5AF1530A83}.Debug|Any CPU.ActiveCfg = Debug|Any CPU
		{A5855F0A-B6CC-4B33-9A3E-BE5AF1530A83}.Debug|Any CPU.Build.0 = Debug|Any CPU
		{A5855F0A-B6CC-4B33-9A3E-BE5AF1530A83}.Release|Any CPU.ActiveCfg = Release|Any CPU
		{A5855F0A-B6CC-4B33-9A3E-BE5AF1530A83}.Release|Any CPU.Build.0 = Release|Any CPU
		{313AA822-53B1-4CBA-81ED-841DDF38E38A}.Debug|Any CPU.ActiveCfg = Debug|Any CPU
		{313AA822-53B1-4CBA-81ED-841DDF38E38A}.Debug|Any CPU.Build.0 = Debug|Any CPU
		{313AA822-53B1-4CBA-81ED-841DDF38E38A}.Release|Any CPU.ActiveCfg = Release|Any CPU
		{313AA822-53B1-4CBA-81ED-841DDF38E38A}.Release|Any CPU.Build.0 = Release|Any CPU
		{E414340D-90EB-4EDE-9DEA-B67236B2D2E0}.Debug|Any CPU.ActiveCfg = Debug|Any CPU
		{E414340D-90EB-4EDE-9DEA-B67236B2D2E0}.Debug|Any CPU.Build.0 = Debug|Any CPU
		{E414340D-90EB-4EDE-9DEA-B67236B2D2E0}.Release|Any CPU.ActiveCfg = Release|Any CPU
		{E414340D-90EB-4EDE-9DEA-B67236B2D2E0}.Release|Any CPU.Build.0 = Release|Any CPU
		{9D8AEFCE-3FFA-48EB-8D35-9C709E610FDB}.Debug|Any CPU.ActiveCfg = Debug|Any CPU
		{9D8AEFCE-3FFA-48EB-8D35-9C709E610FDB}.Debug|Any CPU.Build.0 = Debug|Any CPU
		{9D8AEFCE-3FFA-48EB-8D35-9C709E610FDB}.Release|Any CPU.ActiveCfg = Release|Any CPU
		{9D8AEFCE-3FFA-48EB-8D35-9C709E610FDB}.Release|Any CPU.Build.0 = Release|Any CPU
		{F5EDF772-6984-41CB-99CA-333E0B00D55B}.Debug|Any CPU.ActiveCfg = Debug|Any CPU
		{F5EDF772-6984-41CB-99CA-333E0B00D55B}.Debug|Any CPU.Build.0 = Debug|Any CPU
		{F5EDF772-6984-41CB-99CA-333E0B00D55B}.Release|Any CPU.ActiveCfg = Release|Any CPU
		{F5EDF772-6984-41CB-99CA-333E0B00D55B}.Release|Any CPU.Build.0 = Release|Any CPU
		{1FB080E4-0556-4A32-9B9D-6FEF864D8516}.Debug|Any CPU.ActiveCfg = Debug|Any CPU
		{1FB080E4-0556-4A32-9B9D-6FEF864D8516}.Debug|Any CPU.Build.0 = Debug|Any CPU
		{1FB080E4-0556-4A32-9B9D-6FEF864D8516}.Release|Any CPU.ActiveCfg = Release|Any CPU
		{1FB080E4-0556-4A32-9B9D-6FEF864D8516}.Release|Any CPU.Build.0 = Release|Any CPU
		{8F6E556A-511E-4EE8-B2CC-E0F71E032C7A}.Debug|Any CPU.ActiveCfg = Debug|Any CPU
		{8F6E556A-511E-4EE8-B2CC-E0F71E032C7A}.Debug|Any CPU.Build.0 = Debug|Any CPU
		{8F6E556A-511E-4EE8-B2CC-E0F71E032C7A}.Release|Any CPU.ActiveCfg = Release|Any CPU
		{8F6E556A-511E-4EE8-B2CC-E0F71E032C7A}.Release|Any CPU.Build.0 = Release|Any CPU
		{917FE117-86DD-4123-B869-8226E36C8559}.Debug|Any CPU.ActiveCfg = Debug|Any CPU
		{917FE117-86DD-4123-B869-8226E36C8559}.Debug|Any CPU.Build.0 = Debug|Any CPU
		{917FE117-86DD-4123-B869-8226E36C8559}.Release|Any CPU.ActiveCfg = Release|Any CPU
		{917FE117-86DD-4123-B869-8226E36C8559}.Release|Any CPU.Build.0 = Release|Any CPU
		{CE1F37A9-7C03-4B61-93BF-C620BE72AA06}.Debug|Any CPU.ActiveCfg = Debug|Any CPU
		{CE1F37A9-7C03-4B61-93BF-C620BE72AA06}.Debug|Any CPU.Build.0 = Debug|Any CPU
		{CE1F37A9-7C03-4B61-93BF-C620BE72AA06}.Release|Any CPU.ActiveCfg = Release|Any CPU
		{CE1F37A9-7C03-4B61-93BF-C620BE72AA06}.Release|Any CPU.Build.0 = Release|Any CPU
		{46314495-0FFD-4E31-A857-B660D124E81C}.Debug|Any CPU.ActiveCfg = Debug|Any CPU
		{46314495-0FFD-4E31-A857-B660D124E81C}.Debug|Any CPU.Build.0 = Debug|Any CPU
		{46314495-0FFD-4E31-A857-B660D124E81C}.Release|Any CPU.ActiveCfg = Release|Any CPU
		{46314495-0FFD-4E31-A857-B660D124E81C}.Release|Any CPU.Build.0 = Release|Any CPU
		{644B03D5-4843-45F2-8F79-95099F9BA139}.Debug|Any CPU.ActiveCfg = Debug|Any CPU
		{644B03D5-4843-45F2-8F79-95099F9BA139}.Debug|Any CPU.Build.0 = Debug|Any CPU
		{644B03D5-4843-45F2-8F79-95099F9BA139}.Release|Any CPU.ActiveCfg = Release|Any CPU
		{644B03D5-4843-45F2-8F79-95099F9BA139}.Release|Any CPU.Build.0 = Release|Any CPU
		{89E7B73F-144A-4AD4-932F-51A3E3E74974}.Debug|Any CPU.ActiveCfg = Debug|Any CPU
		{89E7B73F-144A-4AD4-932F-51A3E3E74974}.Debug|Any CPU.Build.0 = Debug|Any CPU
		{89E7B73F-144A-4AD4-932F-51A3E3E74974}.Release|Any CPU.ActiveCfg = Release|Any CPU
		{89E7B73F-144A-4AD4-932F-51A3E3E74974}.Release|Any CPU.Build.0 = Release|Any CPU
		{A10B85E5-8693-405D-ABC4-C339DF08E857}.Debug|Any CPU.ActiveCfg = Debug|Any CPU
		{A10B85E5-8693-405D-ABC4-C339DF08E857}.Debug|Any CPU.Build.0 = Debug|Any CPU
		{A10B85E5-8693-405D-ABC4-C339DF08E857}.Release|Any CPU.ActiveCfg = Release|Any CPU
		{A10B85E5-8693-405D-ABC4-C339DF08E857}.Release|Any CPU.Build.0 = Release|Any CPU
		{665BF9E1-8CDE-407D-89D9-C5E21ED2B85B}.Debug|Any CPU.ActiveCfg = Debug|Any CPU
		{665BF9E1-8CDE-407D-89D9-C5E21ED2B85B}.Debug|Any CPU.Build.0 = Debug|Any CPU
		{665BF9E1-8CDE-407D-89D9-C5E21ED2B85B}.Release|Any CPU.ActiveCfg = Release|Any CPU
		{665BF9E1-8CDE-407D-89D9-C5E21ED2B85B}.Release|Any CPU.Build.0 = Release|Any CPU
		{806B9453-D9B2-4416-88B9-311A2D35FABA}.Debug|Any CPU.ActiveCfg = Debug|Any CPU
		{806B9453-D9B2-4416-88B9-311A2D35FABA}.Debug|Any CPU.Build.0 = Debug|Any CPU
		{806B9453-D9B2-4416-88B9-311A2D35FABA}.Release|Any CPU.ActiveCfg = Release|Any CPU
		{806B9453-D9B2-4416-88B9-311A2D35FABA}.Release|Any CPU.Build.0 = Release|Any CPU
		{B7FC584D-B2CE-4BAA-9F44-CAF453F90F7F}.Debug|Any CPU.ActiveCfg = Debug|Any CPU
		{B7FC584D-B2CE-4BAA-9F44-CAF453F90F7F}.Debug|Any CPU.Build.0 = Debug|Any CPU
		{B7FC584D-B2CE-4BAA-9F44-CAF453F90F7F}.Release|Any CPU.ActiveCfg = Release|Any CPU
		{B7FC584D-B2CE-4BAA-9F44-CAF453F90F7F}.Release|Any CPU.Build.0 = Release|Any CPU
	EndGlobalSection
	GlobalSection(SolutionProperties) = preSolution
		HideSolutionNode = FALSE
	EndGlobalSection
	GlobalSection(NestedProjects) = preSolution
		{849C8FD1-0093-4AF0-82DB-EF118173C6C8} = {CFE87C39-DDC3-4642-8C4E-9DEEF165E56E}
		{B11A171A-AF05-4D59-A852-D47B4E2B68BF} = {CFE87C39-DDC3-4642-8C4E-9DEEF165E56E}
		{C68439C3-B362-4AA6-971A-445B4072FF6A} = {AB1433B7-9A1B-492A-88B7-0B3FA57785B0}
		{1D1EC0E7-A865-413F-819C-C4C84E678A3A} = {AB1433B7-9A1B-492A-88B7-0B3FA57785B0}
		{8AADED3B-558F-44AF-9759-3947AB1461DE} = {AB1433B7-9A1B-492A-88B7-0B3FA57785B0}
		{68EF9730-C325-4731-9836-593597E947BB} = {AB1433B7-9A1B-492A-88B7-0B3FA57785B0}
		{6012E5BC-6DF0-474B-9C07-7FDD1E663EE8} = {FDB92DF1-B73C-4F9A-AE91-787A82BA2DEB}
		{A5855F0A-B6CC-4B33-9A3E-BE5AF1530A83} = {6012E5BC-6DF0-474B-9C07-7FDD1E663EE8}
		{313AA822-53B1-4CBA-81ED-841DDF38E38A} = {6012E5BC-6DF0-474B-9C07-7FDD1E663EE8}
		{E414340D-90EB-4EDE-9DEA-B67236B2D2E0} = {6012E5BC-6DF0-474B-9C07-7FDD1E663EE8}
		{9D8AEFCE-3FFA-48EB-8D35-9C709E610FDB} = {0A455238-272F-4B14-9E67-5EFF4647B39F}
		{F5EDF772-6984-41CB-99CA-333E0B00D55B} = {6012E5BC-6DF0-474B-9C07-7FDD1E663EE8}
		{1FB080E4-0556-4A32-9B9D-6FEF864D8516} = {6012E5BC-6DF0-474B-9C07-7FDD1E663EE8}
		{AB1433B7-9A1B-492A-88B7-0B3FA57785B0} = {FDB92DF1-B73C-4F9A-AE91-787A82BA2DEB}
		{CFE87C39-DDC3-4642-8C4E-9DEEF165E56E} = {FDB92DF1-B73C-4F9A-AE91-787A82BA2DEB}
		{8F6E556A-511E-4EE8-B2CC-E0F71E032C7A} = {AB1433B7-9A1B-492A-88B7-0B3FA57785B0}
		{917FE117-86DD-4123-B869-8226E36C8559} = {CFE87C39-DDC3-4642-8C4E-9DEEF165E56E}
		{CE1F37A9-7C03-4B61-93BF-C620BE72AA06} = {AB1433B7-9A1B-492A-88B7-0B3FA57785B0}
		{3B437504-FEB3-455C-9FD0-3C375028C17B} = {6012E5BC-6DF0-474B-9C07-7FDD1E663EE8}
		{46314495-0FFD-4E31-A857-B660D124E81C} = {3B437504-FEB3-455C-9FD0-3C375028C17B}
		{644B03D5-4843-45F2-8F79-95099F9BA139} = {3B437504-FEB3-455C-9FD0-3C375028C17B}
		{53F4CA9F-BF86-445A-8040-8B7BDC907D9F} = {CFE87C39-DDC3-4642-8C4E-9DEEF165E56E}
		{89E7B73F-144A-4AD4-932F-51A3E3E74974} = {53F4CA9F-BF86-445A-8040-8B7BDC907D9F}
		{A10B85E5-8693-405D-ABC4-C339DF08E857} = {53F4CA9F-BF86-445A-8040-8B7BDC907D9F}
		{0C6B018E-4E82-4391-A7E4-11CFF406991F} = {6012E5BC-6DF0-474B-9C07-7FDD1E663EE8}
		{0A455238-272F-4B14-9E67-5EFF4647B39F} = {0C6B018E-4E82-4391-A7E4-11CFF406991F}
		{8563AA1A-C903-4A61-BBEA-9A0D63D8A771} = {6012E5BC-6DF0-474B-9C07-7FDD1E663EE8}
		{665BF9E1-8CDE-407D-89D9-C5E21ED2B85B} = {8563AA1A-C903-4A61-BBEA-9A0D63D8A771}
		{0A9F063E-4CAC-4C18-8BE2-32AE81EEEB95} = {944BE872-9BD4-4D31-84ED-05B91531E1EE}
		{806B9453-D9B2-4416-88B9-311A2D35FABA} = {0A9F063E-4CAC-4C18-8BE2-32AE81EEEB95}
		{BC573BF9-86D8-41D5-915C-A424450170B0} = {0A9F063E-4CAC-4C18-8BE2-32AE81EEEB95}
		{B7FC584D-B2CE-4BAA-9F44-CAF453F90F7F} = {BC573BF9-86D8-41D5-915C-A424450170B0}
	EndGlobalSection
	GlobalSection(ExtensibilityGlobals) = postSolution
		SolutionGuid = {B9C5A241-5120-4044-9171-D07155498515}
	EndGlobalSection
EndGlobal
