
Microsoft Visual Studio Solution File, Format Version 12.00
# Visual Studio Version 16
VisualStudioVersion = 16.0.29021.104
MinimumVisualStudioVersion = 10.0.40219.1
Project("{9A19103F-16F7-4668-BE54-9A1E7A4F7556}") = "AbstractFactoryClient", "GangOfFour\AbstractFactoryClient.csproj", "{C66CD9DA-C07A-48A5-9703-F9C5827DD288}"
EndProject
Project("{9A19103F-16F7-4668-BE54-9A1E7A4F7556}") = "UnitTestProject2", "UnitTestProject2\UnitTestProject2.csproj", "{054E6E59-3438-4F02-9BE4-812520ABEE73}"
EndProject
Project("{2150E333-8FDC-42A3-9474-1A3956D46DE8}") = "Creational", "Creational", "{7B8336AF-3CFB-45AD-BB4A-38D3584FCD99}"
EndProject
Project("{2150E333-8FDC-42A3-9474-1A3956D46DE8}") = "Behaviour", "Behaviour", "{21FC35A8-95C7-4862-96D4-1ECA76921785}"
EndProject
Project("{9A19103F-16F7-4668-BE54-9A1E7A4F7556}") = "Mediator", "Mediator\Mediator.csproj", "{BA5E6926-822C-4E5C-B424-27A6E45BBF84}"
EndProject
Project("{FAE04EC0-301F-11D3-BF4B-00C04F79EFBC}") = "NaiveMediator", "NaiveMediator\NaiveMediator.csproj", "{CFC70CF7-DE15-4325-A8A5-1AFDFB877DB1}"
EndProject
Global
	GlobalSection(SolutionConfigurationPlatforms) = preSolution
		Debug|Any CPU = Debug|Any CPU
		Release|Any CPU = Release|Any CPU
	EndGlobalSection
	GlobalSection(ProjectConfigurationPlatforms) = postSolution
		{C66CD9DA-C07A-48A5-9703-F9C5827DD288}.Debug|Any CPU.ActiveCfg = Debug|Any CPU
		{C66CD9DA-C07A-48A5-9703-F9C5827DD288}.Debug|Any CPU.Build.0 = Debug|Any CPU
		{C66CD9DA-C07A-48A5-9703-F9C5827DD288}.Release|Any CPU.ActiveCfg = Release|Any CPU
		{C66CD9DA-C07A-48A5-9703-F9C5827DD288}.Release|Any CPU.Build.0 = Release|Any CPU
		{054E6E59-3438-4F02-9BE4-812520ABEE73}.Debug|Any CPU.ActiveCfg = Debug|Any CPU
		{054E6E59-3438-4F02-9BE4-812520ABEE73}.Debug|Any CPU.Build.0 = Debug|Any CPU
		{054E6E59-3438-4F02-9BE4-812520ABEE73}.Release|Any CPU.ActiveCfg = Release|Any CPU
		{054E6E59-3438-4F02-9BE4-812520ABEE73}.Release|Any CPU.Build.0 = Release|Any CPU
		{BA5E6926-822C-4E5C-B424-27A6E45BBF84}.Debug|Any CPU.ActiveCfg = Debug|Any CPU
		{BA5E6926-822C-4E5C-B424-27A6E45BBF84}.Debug|Any CPU.Build.0 = Debug|Any CPU
		{BA5E6926-822C-4E5C-B424-27A6E45BBF84}.Release|Any CPU.ActiveCfg = Release|Any CPU
		{BA5E6926-822C-4E5C-B424-27A6E45BBF84}.Release|Any CPU.Build.0 = Release|Any CPU
		{CFC70CF7-DE15-4325-A8A5-1AFDFB877DB1}.Debug|Any CPU.ActiveCfg = Debug|Any CPU
		{CFC70CF7-DE15-4325-A8A5-1AFDFB877DB1}.Debug|Any CPU.Build.0 = Debug|Any CPU
		{CFC70CF7-DE15-4325-A8A5-1AFDFB877DB1}.Release|Any CPU.ActiveCfg = Release|Any CPU
		{CFC70CF7-DE15-4325-A8A5-1AFDFB877DB1}.Release|Any CPU.Build.0 = Release|Any CPU
	EndGlobalSection
	GlobalSection(SolutionProperties) = preSolution
		HideSolutionNode = FALSE
	EndGlobalSection
	GlobalSection(NestedProjects) = preSolution
		{C66CD9DA-C07A-48A5-9703-F9C5827DD288} = {7B8336AF-3CFB-45AD-BB4A-38D3584FCD99}
		{054E6E59-3438-4F02-9BE4-812520ABEE73} = {7B8336AF-3CFB-45AD-BB4A-38D3584FCD99}
		{BA5E6926-822C-4E5C-B424-27A6E45BBF84} = {21FC35A8-95C7-4862-96D4-1ECA76921785}
		{CFC70CF7-DE15-4325-A8A5-1AFDFB877DB1} = {21FC35A8-95C7-4862-96D4-1ECA76921785}
	EndGlobalSection
	GlobalSection(ExtensibilityGlobals) = postSolution
		SolutionGuid = {4EEF7090-5BA2-4800-961D-4DCA68010A82}
	EndGlobalSection
EndGlobal
